version: 2.0
shards:
  chipmunk:
    git: https://github.com/oprypin/crystal-chipmunk.git
    version: 0.1.0+git.commit.6863604e8f512b97de03395f126135273e54821d

  crystal-raw-gl:
    git: https://github.com/oprypin/crystal-raw-gl.git
    version: 0.1.0+git.commit.a84c5d7f5c289d768a3d9ffccbfd0c744e19f767

